
Microsoft Visual Studio Solution File, Format Version 12.00
# Visual Studio Version 17
VisualStudioVersion = 17.9.34728.123
MinimumVisualStudioVersion = 10.0.40219.1
Project("{FAE04EC0-301F-11D3-BF4B-00C04F79EFBC}") = "BombaSnake", "BombaSnake\BombaSnake.csproj", "{95735DF5-2191-42FA-9D9E-0C53FA66535D}"
EndProject
Global
	GlobalSection(SolutionConfigurationPlatforms) = preSolution
		Debug|Any CPU = Debug|Any CPU
		Release|Any CPU = Release|Any CPU
	EndGlobalSection
	GlobalSection(ProjectConfigurationPlatforms) = postSolution
		{95735DF5-2191-42FA-9D9E-0C53FA66535D}.Debug|Any CPU.ActiveCfg = Debug|Any CPU
		{95735DF5-2191-42FA-9D9E-0C53FA66535D}.Debug|Any CPU.Build.0 = Debug|Any CPU
		{95735DF5-2191-42FA-9D9E-0C53FA66535D}.Release|Any CPU.ActiveCfg = Release|Any CPU
		{95735DF5-2191-42FA-9D9E-0C53FA66535D}.Release|Any CPU.Build.0 = Release|Any CPU
	EndGlobalSection
	GlobalSection(SolutionProperties) = preSolution
		HideSolutionNode = FALSE
	EndGlobalSection
	GlobalSection(ExtensibilityGlobals) = postSolution
		SolutionGuid = {404BC4B9-EFF5-4C7F-9030-DDA255B7488E}
	EndGlobalSection
EndGlobal
